// !$*UTF8*$!
{
	archiveVersion = 1;
	classes = {
	};
	objectVersion = 46;
	objects = {

/* Begin PBXBuildFile section */
		309E62CE1978D000001D8D7C /* Foundation.framework in Frameworks */ = {isa = PBXBuildFile; fileRef = 309E62CD1978D000001D8D7C /* Foundation.framework */; };
		309E62D01978D000001D8D7C /* CoreGraphics.framework in Frameworks */ = {isa = PBXBuildFile; fileRef = 309E62CF1978D000001D8D7C /* CoreGraphics.framework */; };
		309E62D21978D000001D8D7C /* UIKit.framework in Frameworks */ = {isa = PBXBuildFile; fileRef = 309E62D11978D000001D8D7C /* UIKit.framework */; };
		309E62D81978D000001D8D7C /* InfoPlist.strings in Resources */ = {isa = PBXBuildFile; fileRef = 309E62D61978D000001D8D7C /* InfoPlist.strings */; };
		309E62DA1978D000001D8D7C /* main.m in Sources */ = {isa = PBXBuildFile; fileRef = 309E62D91978D000001D8D7C /* main.m */; };
		309E62DE1978D000001D8D7C /* BMAppDelegate.m in Sources */ = {isa = PBXBuildFile; fileRef = 309E62DD1978D000001D8D7C /* BMAppDelegate.m */; };
		309E62E11978D000001D8D7C /* BMRootViewController.m in Sources */ = {isa = PBXBuildFile; fileRef = 309E62E01978D000001D8D7C /* BMRootViewController.m */; };
		309E62E41978D000001D8D7C /* BMDataViewController.m in Sources */ = {isa = PBXBuildFile; fileRef = 309E62E31978D000001D8D7C /* BMDataViewController.m */; };
		309E62E71978D000001D8D7C /* BMModelController.m in Sources */ = {isa = PBXBuildFile; fileRef = 309E62E61978D000001D8D7C /* BMModelController.m */; };
		309E62EA1978D000001D8D7C /* Main.storyboard in Resources */ = {isa = PBXBuildFile; fileRef = 309E62E81978D000001D8D7C /* Main.storyboard */; };
		309E62EC1978D000001D8D7C /* Images.xcassets in Resources */ = {isa = PBXBuildFile; fileRef = 309E62EB1978D000001D8D7C /* Images.xcassets */; };
		309E62F31978D001001D8D7C /* XCTest.framework in Frameworks */ = {isa = PBXBuildFile; fileRef = 309E62F21978D001001D8D7C /* XCTest.framework */; };
		309E62F41978D001001D8D7C /* Foundation.framework in Frameworks */ = {isa = PBXBuildFile; fileRef = 309E62CD1978D000001D8D7C /* Foundation.framework */; };
		309E62F51978D001001D8D7C /* UIKit.framework in Frameworks */ = {isa = PBXBuildFile; fileRef = 309E62D11978D000001D8D7C /* UIKit.framework */; };
		309E62FD1978D001001D8D7C /* InfoPlist.strings in Resources */ = {isa = PBXBuildFile; fileRef = 309E62FB1978D001001D8D7C /* InfoPlist.strings */; };
		309E62FF1978D001001D8D7C /* BeautifulMorningTests.m in Sources */ = {isa = PBXBuildFile; fileRef = 309E62FE1978D001001D8D7C /* BeautifulMorningTests.m */; };
/* End PBXBuildFile section */

/* Begin PBXContainerItemProxy section */
		309E62F61978D001001D8D7C /* PBXContainerItemProxy */ = {
			isa = PBXContainerItemProxy;
			containerPortal = 309E62C21978CFFF001D8D7C /* Project object */;
			proxyType = 1;
			remoteGlobalIDString = 309E62C91978CFFF001D8D7C;
			remoteInfo = BeautifulMorning;
		};
/* End PBXContainerItemProxy section */

/* Begin PBXFileReference section */
		309E62CA1978D000001D8D7C /* BeautifulMorning.app */ = {isa = PBXFileReference; explicitFileType = wrapper.application; includeInIndex = 0; path = BeautifulMorning.app; sourceTree = BUILT_PRODUCTS_DIR; };
		309E62CD1978D000001D8D7C /* Foundation.framework */ = {isa = PBXFileReference; lastKnownFileType = wrapper.framework; name = Foundation.framework; path = System/Library/Frameworks/Foundation.framework; sourceTree = SDKROOT; };
		309E62CF1978D000001D8D7C /* CoreGraphics.framework */ = {isa = PBXFileReference; lastKnownFileType = wrapper.framework; name = CoreGraphics.framework; path = System/Library/Frameworks/CoreGraphics.framework; sourceTree = SDKROOT; };
		309E62D11978D000001D8D7C /* UIKit.framework */ = {isa = PBXFileReference; lastKnownFileType = wrapper.framework; name = UIKit.framework; path = System/Library/Frameworks/UIKit.framework; sourceTree = SDKROOT; };
		309E62D51978D000001D8D7C /* BeautifulMorning-Info.plist */ = {isa = PBXFileReference; lastKnownFileType = text.plist.xml; path = "BeautifulMorning-Info.plist"; sourceTree = "<group>"; };
		309E62D71978D000001D8D7C /* en */ = {isa = PBXFileReference; lastKnownFileType = text.plist.strings; name = en; path = en.lproj/InfoPlist.strings; sourceTree = "<group>"; };
		309E62D91978D000001D8D7C /* main.m */ = {isa = PBXFileReference; lastKnownFileType = sourcecode.c.objc; path = main.m; sourceTree = "<group>"; };
		309E62DB1978D000001D8D7C /* BeautifulMorning-Prefix.pch */ = {isa = PBXFileReference; lastKnownFileType = sourcecode.c.h; path = "BeautifulMorning-Prefix.pch"; sourceTree = "<group>"; };
		309E62DC1978D000001D8D7C /* BMAppDelegate.h */ = {isa = PBXFileReference; lastKnownFileType = sourcecode.c.h; path = BMAppDelegate.h; sourceTree = "<group>"; };
		309E62DD1978D000001D8D7C /* BMAppDelegate.m */ = {isa = PBXFileReference; lastKnownFileType = sourcecode.c.objc; path = BMAppDelegate.m; sourceTree = "<group>"; };
		309E62DF1978D000001D8D7C /* BMRootViewController.h */ = {isa = PBXFileReference; lastKnownFileType = sourcecode.c.h; path = BMRootViewController.h; sourceTree = "<group>"; };
		309E62E01978D000001D8D7C /* BMRootViewController.m */ = {isa = PBXFileReference; lastKnownFileType = sourcecode.c.objc; path = BMRootViewController.m; sourceTree = "<group>"; };
		309E62E21978D000001D8D7C /* BMDataViewController.h */ = {isa = PBXFileReference; lastKnownFileType = sourcecode.c.h; path = BMDataViewController.h; sourceTree = "<group>"; };
		309E62E31978D000001D8D7C /* BMDataViewController.m */ = {isa = PBXFileReference; lastKnownFileType = sourcecode.c.objc; path = BMDataViewController.m; sourceTree = "<group>"; };
		309E62E51978D000001D8D7C /* BMModelController.h */ = {isa = PBXFileReference; lastKnownFileType = sourcecode.c.h; path = BMModelController.h; sourceTree = "<group>"; };
		309E62E61978D000001D8D7C /* BMModelController.m */ = {isa = PBXFileReference; lastKnownFileType = sourcecode.c.objc; path = BMModelController.m; sourceTree = "<group>"; };
		309E62E91978D000001D8D7C /* Base */ = {isa = PBXFileReference; lastKnownFileType = file.storyboard; name = Base; path = Base.lproj/Main.storyboard; sourceTree = "<group>"; };
		309E62EB1978D000001D8D7C /* Images.xcassets */ = {isa = PBXFileReference; lastKnownFileType = folder.assetcatalog; path = Images.xcassets; sourceTree = "<group>"; };
		309E62F11978D001001D8D7C /* BeautifulMorningTests.xctest */ = {isa = PBXFileReference; explicitFileType = wrapper.cfbundle; includeInIndex = 0; path = BeautifulMorningTests.xctest; sourceTree = BUILT_PRODUCTS_DIR; };
		309E62F21978D001001D8D7C /* XCTest.framework */ = {isa = PBXFileReference; lastKnownFileType = wrapper.framework; name = XCTest.framework; path = Library/Frameworks/XCTest.framework; sourceTree = DEVELOPER_DIR; };
		309E62FA1978D001001D8D7C /* BeautifulMorningTests-Info.plist */ = {isa = PBXFileReference; lastKnownFileType = text.plist.xml; path = "BeautifulMorningTests-Info.plist"; sourceTree = "<group>"; };
		309E62FC1978D001001D8D7C /* en */ = {isa = PBXFileReference; lastKnownFileType = text.plist.strings; name = en; path = en.lproj/InfoPlist.strings; sourceTree = "<group>"; };
		309E62FE1978D001001D8D7C /* BeautifulMorningTests.m */ = {isa = PBXFileReference; lastKnownFileType = sourcecode.c.objc; path = BeautifulMorningTests.m; sourceTree = "<group>"; };
/* End PBXFileReference section */

/* Begin PBXFrameworksBuildPhase section */
		309E62C71978CFFF001D8D7C /* Frameworks */ = {
			isa = PBXFrameworksBuildPhase;
			buildActionMask = 2147483647;
			files = (
				309E62D01978D000001D8D7C /* CoreGraphics.framework in Frameworks */,
				309E62D21978D000001D8D7C /* UIKit.framework in Frameworks */,
				309E62CE1978D000001D8D7C /* Foundation.framework in Frameworks */,
			);
			runOnlyForDeploymentPostprocessing = 0;
		};
		309E62EE1978D001001D8D7C /* Frameworks */ = {
			isa = PBXFrameworksBuildPhase;
			buildActionMask = 2147483647;
			files = (
				309E62F31978D001001D8D7C /* XCTest.framework in Frameworks */,
				309E62F51978D001001D8D7C /* UIKit.framework in Frameworks */,
				309E62F41978D001001D8D7C /* Foundation.framework in Frameworks */,
			);
			runOnlyForDeploymentPostprocessing = 0;
		};
/* End PBXFrameworksBuildPhase section */

/* Begin PBXGroup section */
		309E62C11978CFFF001D8D7C = {
			isa = PBXGroup;
			children = (
				309E62D31978D000001D8D7C /* BeautifulMorning */,
				309E62F81978D001001D8D7C /* BeautifulMorningTests */,
				309E62CC1978D000001D8D7C /* Frameworks */,
				309E62CB1978D000001D8D7C /* Products */,
			);
			sourceTree = "<group>";
		};
		309E62CB1978D000001D8D7C /* Products */ = {
			isa = PBXGroup;
			children = (
				309E62CA1978D000001D8D7C /* BeautifulMorning.app */,
				309E62F11978D001001D8D7C /* BeautifulMorningTests.xctest */,
			);
			name = Products;
			sourceTree = "<group>";
		};
		309E62CC1978D000001D8D7C /* Frameworks */ = {
			isa = PBXGroup;
			children = (
				309E62CD1978D000001D8D7C /* Foundation.framework */,
				309E62CF1978D000001D8D7C /* CoreGraphics.framework */,
				309E62D11978D000001D8D7C /* UIKit.framework */,
				309E62F21978D001001D8D7C /* XCTest.framework */,
			);
			name = Frameworks;
			sourceTree = "<group>";
		};
		309E62D31978D000001D8D7C /* BeautifulMorning */ = {
			isa = PBXGroup;
			children = (
				309E62DC1978D000001D8D7C /* BMAppDelegate.h */,
				309E62DD1978D000001D8D7C /* BMAppDelegate.m */,
				309E62DF1978D000001D8D7C /* BMRootViewController.h */,
				309E62E01978D000001D8D7C /* BMRootViewController.m */,
				309E62E21978D000001D8D7C /* BMDataViewController.h */,
				309E62E31978D000001D8D7C /* BMDataViewController.m */,
				309E62E51978D000001D8D7C /* BMModelController.h */,
				309E62E61978D000001D8D7C /* BMModelController.m */,
				309E62E81978D000001D8D7C /* Main.storyboard */,
				309E62EB1978D000001D8D7C /* Images.xcassets */,
				309E62D41978D000001D8D7C /* Supporting Files */,
			);
			path = BeautifulMorning;
			sourceTree = "<group>";
		};
		309E62D41978D000001D8D7C /* Supporting Files */ = {
			isa = PBXGroup;
			children = (
				309E62D51978D000001D8D7C /* BeautifulMorning-Info.plist */,
				309E62D61978D000001D8D7C /* InfoPlist.strings */,
				309E62D91978D000001D8D7C /* main.m */,
				309E62DB1978D000001D8D7C /* BeautifulMorning-Prefix.pch */,
			);
			name = "Supporting Files";
			sourceTree = "<group>";
		};
		309E62F81978D001001D8D7C /* BeautifulMorningTests */ = {
			isa = PBXGroup;
			children = (
				309E62FE1978D001001D8D7C /* BeautifulMorningTests.m */,
				309E62F91978D001001D8D7C /* Supporting Files */,
			);
			path = BeautifulMorningTests;
			sourceTree = "<group>";
		};
		309E62F91978D001001D8D7C /* Supporting Files */ = {
			isa = PBXGroup;
			children = (
				309E62FA1978D001001D8D7C /* BeautifulMorningTests-Info.plist */,
				309E62FB1978D001001D8D7C /* InfoPlist.strings */,
			);
			name = "Supporting Files";
			sourceTree = "<group>";
		};
/* End PBXGroup section */

/* Begin PBXNativeTarget section */
		309E62C91978CFFF001D8D7C /* BeautifulMorning */ = {
			isa = PBXNativeTarget;
			buildConfigurationList = 309E63021978D001001D8D7C /* Build configuration list for PBXNativeTarget "BeautifulMorning" */;
			buildPhases = (
				309E62C61978CFFF001D8D7C /* Sources */,
				309E62C71978CFFF001D8D7C /* Frameworks */,
				309E62C81978CFFF001D8D7C /* Resources */,
			);
			buildRules = (
			);
			dependencies = (
			);
			name = BeautifulMorning;
			productName = BeautifulMorning;
			productReference = 309E62CA1978D000001D8D7C /* BeautifulMorning.app */;
			productType = "com.apple.product-type.application";
		};
		309E62F01978D001001D8D7C /* BeautifulMorningTests */ = {
			isa = PBXNativeTarget;
			buildConfigurationList = 309E63051978D001001D8D7C /* Build configuration list for PBXNativeTarget "BeautifulMorningTests" */;
			buildPhases = (
				309E62ED1978D001001D8D7C /* Sources */,
				309E62EE1978D001001D8D7C /* Frameworks */,
				309E62EF1978D001001D8D7C /* Resources */,
			);
			buildRules = (
			);
			dependencies = (
				309E62F71978D001001D8D7C /* PBXTargetDependency */,
			);
			name = BeautifulMorningTests;
			productName = BeautifulMorningTests;
			productReference = 309E62F11978D001001D8D7C /* BeautifulMorningTests.xctest */;
			productType = "com.apple.product-type.bundle.unit-test";
		};
/* End PBXNativeTarget section */

/* Begin PBXProject section */
		309E62C21978CFFF001D8D7C /* Project object */ = {
			isa = PBXProject;
			attributes = {
				CLASSPREFIX = BM;
				LastUpgradeCheck = 0510;
				ORGANIZATIONNAME = Beyond;
				TargetAttributes = {
					309E62F01978D001001D8D7C = {
						TestTargetID = 309E62C91978CFFF001D8D7C;
					};
				};
			};
			buildConfigurationList = 309E62C51978CFFF001D8D7C /* Build configuration list for PBXProject "BeautifulMorning" */;
			compatibilityVersion = "Xcode 3.2";
			developmentRegion = English;
			hasScannedForEncodings = 0;
			knownRegions = (
				en,
				Base,
			);
			mainGroup = 309E62C11978CFFF001D8D7C;
			productRefGroup = 309E62CB1978D000001D8D7C /* Products */;
			projectDirPath = "";
			projectRoot = "";
			targets = (
				309E62C91978CFFF001D8D7C /* BeautifulMorning */,
				309E62F01978D001001D8D7C /* BeautifulMorningTests */,
			);
		};
/* End PBXProject section */

/* Begin PBXResourcesBuildPhase section */
		309E62C81978CFFF001D8D7C /* Resources */ = {
			isa = PBXResourcesBuildPhase;
			buildActionMask = 2147483647;
			files = (
				309E62EC1978D000001D8D7C /* Images.xcassets in Resources */,
				309E62D81978D000001D8D7C /* InfoPlist.strings in Resources */,
				309E62EA1978D000001D8D7C /* Main.storyboard in Resources */,
			);
			runOnlyForDeploymentPostprocessing = 0;
		};
		309E62EF1978D001001D8D7C /* Resources */ = {
			isa = PBXResourcesBuildPhase;
			buildActionMask = 2147483647;
			files = (
				309E62FD1978D001001D8D7C /* InfoPlist.strings in Resources */,
			);
			runOnlyForDeploymentPostprocessing = 0;
		};
/* End PBXResourcesBuildPhase section */

/* Begin PBXSourcesBuildPhase section */
		309E62C61978CFFF001D8D7C /* Sources */ = {
			isa = PBXSourcesBuildPhase;
			buildActionMask = 2147483647;
			files = (
				309E62E71978D000001D8D7C /* BMModelController.m in Sources */,
				309E62DA1978D000001D8D7C /* main.m in Sources */,
				309E62E41978D000001D8D7C /* BMDataViewController.m in Sources */,
				309E62DE1978D000001D8D7C /* BMAppDelegate.m in Sources */,
				309E62E11978D000001D8D7C /* BMRootViewController.m in Sources */,
			);
			runOnlyForDeploymentPostprocessing = 0;
		};
		309E62ED1978D001001D8D7C /* Sources */ = {
			isa = PBXSourcesBuildPhase;
			buildActionMask = 2147483647;
			files = (
				309E62FF1978D001001D8D7C /* BeautifulMorningTests.m in Sources */,
			);
			runOnlyForDeploymentPostprocessing = 0;
		};
/* End PBXSourcesBuildPhase section */

/* Begin PBXTargetDependency section */
		309E62F71978D001001D8D7C /* PBXTargetDependency */ = {
			isa = PBXTargetDependency;
			target = 309E62C91978CFFF001D8D7C /* BeautifulMorning */;
			targetProxy = 309E62F61978D001001D8D7C /* PBXContainerItemProxy */;
		};
/* End PBXTargetDependency section */

/* Begin PBXVariantGroup section */
		309E62D61978D000001D8D7C /* InfoPlist.strings */ = {
			isa = PBXVariantGroup;
			children = (
				309E62D71978D000001D8D7C /* en */,
			);
			name = InfoPlist.strings;
			sourceTree = "<group>";
		};
		309E62E81978D000001D8D7C /* Main.storyboard */ = {
			isa = PBXVariantGroup;
			children = (
				309E62E91978D000001D8D7C /* Base */,
			);
			name = Main.storyboard;
			sourceTree = "<group>";
		};
		309E62FB1978D001001D8D7C /* InfoPlist.strings */ = {
			isa = PBXVariantGroup;
			children = (
				309E62FC1978D001001D8D7C /* en */,
			);
			name = InfoPlist.strings;
			sourceTree = "<group>";
		};
/* End PBXVariantGroup section */

/* Begin XCBuildConfiguration section */
		309E63001978D001001D8D7C /* Debug */ = {
			isa = XCBuildConfiguration;
			buildSettings = {
				ALWAYS_SEARCH_USER_PATHS = NO;
				CLANG_CXX_LANGUAGE_STANDARD = "gnu++0x";
				CLANG_CXX_LIBRARY = "libc++";
				CLANG_ENABLE_MODULES = YES;
				CLANG_ENABLE_OBJC_ARC = YES;
				CLANG_WARN_BOOL_CONVERSION = YES;
				CLANG_WARN_CONSTANT_CONVERSION = YES;
				CLANG_WARN_DIRECT_OBJC_ISA_USAGE = YES_ERROR;
				CLANG_WARN_EMPTY_BODY = YES;
				CLANG_WARN_ENUM_CONVERSION = YES;
				CLANG_WARN_INT_CONVERSION = YES;
				CLANG_WARN_OBJC_ROOT_CLASS = YES_ERROR;
				CLANG_WARN__DUPLICATE_METHOD_MATCH = YES;
				"CODE_SIGN_IDENTITY[sdk=iphoneos*]" = "iPhone Developer";
				COPY_PHASE_STRIP = NO;
				GCC_C_LANGUAGE_STANDARD = gnu99;
				GCC_DYNAMIC_NO_PIC = NO;
				GCC_OPTIMIZATION_LEVEL = 0;
				GCC_PREPROCESSOR_DEFINITIONS = (
					"DEBUG=1",
					"$(inherited)",
				);
				GCC_SYMBOLS_PRIVATE_EXTERN = NO;
				GCC_WARN_64_TO_32_BIT_CONVERSION = YES;
				GCC_WARN_ABOUT_RETURN_TYPE = YES_ERROR;
				GCC_WARN_UNDECLARED_SELECTOR = YES;
				GCC_WARN_UNINITIALIZED_AUTOS = YES_AGGRESSIVE;
				GCC_WARN_UNUSED_FUNCTION = YES;
				GCC_WARN_UNUSED_VARIABLE = YES;
				IPHONEOS_DEPLOYMENT_TARGET = 7.1;
				ONLY_ACTIVE_ARCH = YES;
				SDKROOT = iphoneos;
			};
			name = Debug;
		};
		309E63011978D001001D8D7C /* Release */ = {
			isa = XCBuildConfiguration;
			buildSettings = {
				ALWAYS_SEARCH_USER_PATHS = NO;
				CLANG_CXX_LANGUAGE_STANDARD = "gnu++0x";
				CLANG_CXX_LIBRARY = "libc++";
				CLANG_ENABLE_MODULES = YES;
				CLANG_ENABLE_OBJC_ARC = YES;
				CLANG_WARN_BOOL_CONVERSION = YES;
				CLANG_WARN_CONSTANT_CONVERSION = YES;
				CLANG_WARN_DIRECT_OBJC_ISA_USAGE = YES_ERROR;
				CLANG_WARN_EMPTY_BODY = YES;
				CLANG_WARN_ENUM_CONVERSION = YES;
				CLANG_WARN_INT_CONVERSION = YES;
				CLANG_WARN_OBJC_ROOT_CLASS = YES_ERROR;
				CLANG_WARN__DUPLICATE_METHOD_MATCH = YES;
				"CODE_SIGN_IDENTITY[sdk=iphoneos*]" = "iPhone Developer";
				COPY_PHASE_STRIP = YES;
				ENABLE_NS_ASSERTIONS = NO;
				GCC_C_LANGUAGE_STANDARD = gnu99;
				GCC_WARN_64_TO_32_BIT_CONVERSION = YES;
				GCC_WARN_ABOUT_RETURN_TYPE = YES_ERROR;
				GCC_WARN_UNDECLARED_SELECTOR = YES;
				GCC_WARN_UNINITIALIZED_AUTOS = YES_AGGRESSIVE;
				GCC_WARN_UNUSED_FUNCTION = YES;
				GCC_WARN_UNUSED_VARIABLE = YES;
				IPHONEOS_DEPLOYMENT_TARGET = 7.1;
				SDKROOT = iphoneos;
				VALIDATE_PRODUCT = YES;
			};
			name = Release;
		};
		309E63031978D001001D8D7C /* Debug */ = {
			isa = XCBuildConfiguration;
			buildSettings = {
				ASSETCATALOG_COMPILER_APPICON_NAME = AppIcon;
				ASSETCATALOG_COMPILER_LAUNCHIMAGE_NAME = LaunchImage;
				GCC_PRECOMPILE_PREFIX_HEADER = YES;
				GCC_PREFIX_HEADER = "BeautifulMorning/BeautifulMorning-Prefix.pch";
				INFOPLIST_FILE = "BeautifulMorning/BeautifulMorning-Info.plist";
				PRODUCT_NAME = "$(TARGET_NAME)";
				WRAPPER_EXTENSION = app;
			};
			name = Debug;
		};
		309E63041978D001001D8D7C /* Release */ = {
			isa = XCBuildConfiguration;
			buildSettings = {
				ASSETCATALOG_COMPILER_APPICON_NAME = AppIcon;
				ASSETCATALOG_COMPILER_LAUNCHIMAGE_NAME = LaunchImage;
				GCC_PRECOMPILE_PREFIX_HEADER = YES;
				GCC_PREFIX_HEADER = "BeautifulMorning/BeautifulMorning-Prefix.pch";
				INFOPLIST_FILE = "BeautifulMorning/BeautifulMorning-Info.plist";
				PRODUCT_NAME = "$(TARGET_NAME)";
				WRAPPER_EXTENSION = app;
			};
			name = Release;
		};
		309E63061978D001001D8D7C /* Debug */ = {
			isa = XCBuildConfiguration;
			buildSettings = {
				BUNDLE_LOADER = "$(BUILT_PRODUCTS_DIR)/BeautifulMorning.app/BeautifulMorning";
				FRAMEWORK_SEARCH_PATHS = (
					"$(SDKROOT)/Developer/Library/Frameworks",
					"$(inherited)",
					"$(DEVELOPER_FRAMEWORKS_DIR)",
				);
				GCC_PRECOMPILE_PREFIX_HEADER = YES;
				GCC_PREFIX_HEADER = "BeautifulMorning/BeautifulMorning-Prefix.pch";
				GCC_PREPROCESSOR_DEFINITIONS = (
					"DEBUG=1",
					"$(inherited)",
				);
				INFOPLIST_FILE = "BeautifulMorningTests/BeautifulMorningTests-Info.plist";
				PRODUCT_NAME = "$(TARGET_NAME)";
				TEST_HOST = "$(BUNDLE_LOADER)";
				WRAPPER_EXTENSION = xctest;
			};
			name = Debug;
		};
		309E63071978D001001D8D7C /* Release */ = {
			isa = XCBuildConfiguration;
			buildSettings = {
				BUNDLE_LOADER = "$(BUILT_PRODUCTS_DIR)/BeautifulMorning.app/BeautifulMorning";
				FRAMEWORK_SEARCH_PATHS = (
					"$(SDKROOT)/Developer/Library/Frameworks",
					"$(inherited)",
					"$(DEVELOPER_FRAMEWORKS_DIR)",
				);
				GCC_PRECOMPILE_PREFIX_HEADER = YES;
				GCC_PREFIX_HEADER = "BeautifulMorning/BeautifulMorning-Prefix.pch";
				INFOPLIST_FILE = "BeautifulMorningTests/BeautifulMorningTests-Info.plist";
				PRODUCT_NAME = "$(TARGET_NAME)";
				TEST_HOST = "$(BUNDLE_LOADER)";
				WRAPPER_EXTENSION = xctest;
			};
			name = Release;
		};
/* End XCBuildConfiguration section */

/* Begin XCConfigurationList section */
		309E62C51978CFFF001D8D7C /* Build configuration list for PBXProject "BeautifulMorning" */ = {
			isa = XCConfigurationList;
			buildConfigurations = (
				309E63001978D001001D8D7C /* Debug */,
				309E63011978D001001D8D7C /* Release */,
			);
			defaultConfigurationIsVisible = 0;
			defaultConfigurationName = Release;
		};
		309E63021978D001001D8D7C /* Build configuration list for PBXNativeTarget "BeautifulMorning" */ = {
			isa = XCConfigurationList;
			buildConfigurations = (
				309E63031978D001001D8D7C /* Debug */,
				309E63041978D001001D8D7C /* Release */,
			);
			defaultConfigurationIsVisible = 0;
		};
		309E63051978D001001D8D7C /* Build configuration list for PBXNativeTarget "BeautifulMorningTests" */ = {
			isa = XCConfigurationList;
			buildConfigurations = (
				309E63061978D001001D8D7C /* Debug */,
				309E63071978D001001D8D7C /* Release */,
			);
			defaultConfigurationIsVisible = 0;
		};
/* End XCConfigurationList section */
	};
	rootObject = 309E62C21978CFFF001D8D7C /* Project object */;
}
